
Microsoft Visual Studio Solution File, Format Version 12.00
# Visual Studio Version 17
VisualStudioVersion = 17.0.31903.59
MinimumVisualStudioVersion = 10.0.40219.1
Project("{2150E333-8FDC-42A3-9474-1A3956D46DE8}") = "StudentManagement", "StudentManagement", "{D6E871C8-2E1A-4D89-B367-6675C3C7F2A1}"
EndProject
Project("{FAE04EC0-301F-11D3-BF4B-00C04F79EFBC}") = "FluencyHub.StudentManagement.Domain", "src\BoundedContexts\StudentManagement\Domain\FluencyHub.StudentManagement.Domain.csproj", "{05C13E5B-D3E5-4C47-96A6-950B6C2E4B9A}"
EndProject
Project("{FAE04EC0-301F-11D3-BF4B-00C04F79EFBC}") = "FluencyHub.StudentManagement.Application", "src\BoundedContexts\StudentManagement\Application\FluencyHub.StudentManagement.Application.csproj", "{1C5C8F5E-1E94-4B78-9F53-2D6C3E3B3E3E}"
EndProject
Project("{FAE04EC0-301F-11D3-BF4B-00C04F79EFBC}") = "FluencyHub.StudentManagement.Infrastructure", "src\BoundedContexts\StudentManagement\Infrastructure\FluencyHub.StudentManagement.Infrastructure.csproj", "{2D6C3E3B-3E3E-4B78-9F53-1C5C8F5E1E94}"
EndProject
Project("{2150E333-8FDC-42A3-9474-1A3956D46DE8}") = "ContentManagement", "ContentManagement", "{E17B7F8D-9D1A-4E1B-8E1A-F5F8E8E8F8F8}"
EndProject
Project("{FAE04EC0-301F-11D3-BF4B-00C04F79EFBC}") = "FluencyHub.ContentManagement.Domain", "src\BoundedContexts\ContentManagement\Domain\FluencyHub.ContentManagement.Domain.csproj", "{F5F8E8E8-F8F8-4E1B-8E1A-E17B7F8D9D1A}"
EndProject
Project("{FAE04EC0-301F-11D3-BF4B-00C04F79EFBC}") = "FluencyHub.ContentManagement.Application", "src\BoundedContexts\ContentManagement\Application\FluencyHub.ContentManagement.Application.csproj", "{8E1AE17B-7F8D-4E1B-8E1A-F5F8E8E8F8F8}"
EndProject
Project("{FAE04EC0-301F-11D3-BF4B-00C04F79EFBC}") = "FluencyHub.ContentManagement.Infrastructure", "src\BoundedContexts\ContentManagement\Infrastructure\FluencyHub.ContentManagement.Infrastructure.csproj", "{9D1AE17B-7F8D-4E1B-8E1A-F5F8E8E8F8F8}"
EndProject
Project("{2150E333-8FDC-42A3-9474-1A3956D46DE8}") = "PaymentProcessing", "PaymentProcessing", "{A1B2C3D4-E5F6-4A5B-8C7D-9E0F1A2B3C4D}"
EndProject
Project("{FAE04EC0-301F-11D3-BF4B-00C04F79EFBC}") = "FluencyHub.PaymentProcessing.Domain", "src\BoundedContexts\PaymentProcessing\Domain\FluencyHub.PaymentProcessing.Domain.csproj", "{B3C4D5E6-F7A8-4B9C-8D1E-A2B3C4D5E6F7}"
EndProject
Project("{FAE04EC0-301F-11D3-BF4B-00C04F79EFBC}") = "FluencyHub.PaymentProcessing.Application", "src\BoundedContexts\PaymentProcessing\Application\FluencyHub.PaymentProcessing.Application.csproj", "{C4D5E6F7-A8B9-4C8D-1E2F-3A4B5C6D7E8F}"
EndProject
Project("{FAE04EC0-301F-11D3-BF4B-00C04F79EFBC}") = "FluencyHub.PaymentProcessing.Infrastructure", "src\BoundedContexts\PaymentProcessing\Infrastructure\FluencyHub.PaymentProcessing.Infrastructure.csproj", "{D5E6F7A8-B9C4-8D1E-2F3A-4B5C6D7E8F9A}"
EndProject
Project("{FAE04EC0-301F-11D3-BF4B-00C04F79EFBC}") = "FluencyHub.SharedKernel", "src\SharedKernel\FluencyHub.SharedKernel.csproj", "{E6F7A8B9-C4D5-8D1E-2F3A-4B5C6D7E8F9A}"
EndProject
Project("{FAE04EC0-301F-11D3-BF4B-00C04F79EFBC}") = "FluencyHub.API", "src\API\FluencyHub.API.csproj", "{F7A8B9C4-D5E6-8D1E-2F3A-4B5C6D7E8F9A}"
EndProject
Project("{2150E333-8FDC-42A3-9474-1A3956D46DE8}") = "Tests", "Tests", "{02EA681E-C7D8-13C7-8484-4AC65E1B71E8}"
EndProject
Project("{FAE04EC0-301F-11D3-BF4B-00C04F79EFBC}") = "FluencyHub.Tests", "tests\FluencyHub.Tests\FluencyHub.Tests.csproj", "{4CF23F01-7A22-2EFA-6EED-5985B089E69F}"
EndProject
Global
	GlobalSection(SolutionConfigurationPlatforms) = preSolution
		Debug|Any CPU = Debug|Any CPU
		Release|Any CPU = Release|Any CPU
	EndGlobalSection
	GlobalSection(ProjectConfigurationPlatforms) = postSolution
		{05C13E5B-D3E5-4C47-96A6-950B6C2E4B9A}.Debug|Any CPU.ActiveCfg = Debug|Any CPU
		{05C13E5B-D3E5-4C47-96A6-950B6C2E4B9A}.Debug|Any CPU.Build.0 = Debug|Any CPU
		{05C13E5B-D3E5-4C47-96A6-950B6C2E4B9A}.Release|Any CPU.ActiveCfg = Release|Any CPU
		{05C13E5B-D3E5-4C47-96A6-950B6C2E4B9A}.Release|Any CPU.Build.0 = Release|Any CPU
		{1C5C8F5E-1E94-4B78-9F53-2D6C3E3B3E3E}.Debug|Any CPU.ActiveCfg = Debug|Any CPU
		{1C5C8F5E-1E94-4B78-9F53-2D6C3E3B3E3E}.Debug|Any CPU.Build.0 = Debug|Any CPU
		{1C5C8F5E-1E94-4B78-9F53-2D6C3E3B3E3E}.Release|Any CPU.ActiveCfg = Release|Any CPU
		{1C5C8F5E-1E94-4B78-9F53-2D6C3E3B3E3E}.Release|Any CPU.Build.0 = Release|Any CPU
		{2D6C3E3B-3E3E-4B78-9F53-1C5C8F5E1E94}.Debug|Any CPU.ActiveCfg = Debug|Any CPU
		{2D6C3E3B-3E3E-4B78-9F53-1C5C8F5E1E94}.Debug|Any CPU.Build.0 = Debug|Any CPU
		{2D6C3E3B-3E3E-4B78-9F53-1C5C8F5E1E94}.Release|Any CPU.ActiveCfg = Release|Any CPU
		{2D6C3E3B-3E3E-4B78-9F53-1C5C8F5E1E94}.Release|Any CPU.Build.0 = Release|Any CPU
		{F5F8E8E8-F8F8-4E1B-8E1A-E17B7F8D9D1A}.Debug|Any CPU.ActiveCfg = Debug|Any CPU
		{F5F8E8E8-F8F8-4E1B-8E1A-E17B7F8D9D1A}.Debug|Any CPU.Build.0 = Debug|Any CPU
		{F5F8E8E8-F8F8-4E1B-8E1A-E17B7F8D9D1A}.Release|Any CPU.ActiveCfg = Release|Any CPU
		{F5F8E8E8-F8F8-4E1B-8E1A-E17B7F8D9D1A}.Release|Any CPU.Build.0 = Release|Any CPU
		{8E1AE17B-7F8D-4E1B-8E1A-F5F8E8E8F8F8}.Debug|Any CPU.ActiveCfg = Debug|Any CPU
		{8E1AE17B-7F8D-4E1B-8E1A-F5F8E8E8F8F8}.Debug|Any CPU.Build.0 = Debug|Any CPU
		{8E1AE17B-7F8D-4E1B-8E1A-F5F8E8E8F8F8}.Release|Any CPU.ActiveCfg = Release|Any CPU
		{8E1AE17B-7F8D-4E1B-8E1A-F5F8E8E8F8F8}.Release|Any CPU.Build.0 = Release|Any CPU
		{9D1AE17B-7F8D-4E1B-8E1A-F5F8E8E8F8F8}.Debug|Any CPU.ActiveCfg = Debug|Any CPU
		{9D1AE17B-7F8D-4E1B-8E1A-F5F8E8E8F8F8}.Debug|Any CPU.Build.0 = Debug|Any CPU
		{9D1AE17B-7F8D-4E1B-8E1A-F5F8E8E8F8F8}.Release|Any CPU.ActiveCfg = Release|Any CPU
		{9D1AE17B-7F8D-4E1B-8E1A-F5F8E8E8F8F8}.Release|Any CPU.Build.0 = Release|Any CPU
		{B3C4D5E6-F7A8-4B9C-8D1E-A2B3C4D5E6F7}.Debug|Any CPU.ActiveCfg = Debug|Any CPU
		{B3C4D5E6-F7A8-4B9C-8D1E-A2B3C4D5E6F7}.Debug|Any CPU.Build.0 = Debug|Any CPU
		{B3C4D5E6-F7A8-4B9C-8D1E-A2B3C4D5E6F7}.Release|Any CPU.ActiveCfg = Release|Any CPU
		{B3C4D5E6-F7A8-4B9C-8D1E-A2B3C4D5E6F7}.Release|Any CPU.Build.0 = Release|Any CPU
		{C4D5E6F7-A8B9-4C8D-1E2F-3A4B5C6D7E8F}.Debug|Any CPU.ActiveCfg = Debug|Any CPU
		{C4D5E6F7-A8B9-4C8D-1E2F-3A4B5C6D7E8F}.Debug|Any CPU.Build.0 = Debug|Any CPU
		{C4D5E6F7-A8B9-4C8D-1E2F-3A4B5C6D7E8F}.Release|Any CPU.ActiveCfg = Release|Any CPU
		{C4D5E6F7-A8B9-4C8D-1E2F-3A4B5C6D7E8F}.Release|Any CPU.Build.0 = Release|Any CPU
		{D5E6F7A8-B9C4-8D1E-2F3A-4B5C6D7E8F9A}.Debug|Any CPU.ActiveCfg = Debug|Any CPU
		{D5E6F7A8-B9C4-8D1E-2F3A-4B5C6D7E8F9A}.Debug|Any CPU.Build.0 = Debug|Any CPU
		{D5E6F7A8-B9C4-8D1E-2F3A-4B5C6D7E8F9A}.Release|Any CPU.ActiveCfg = Release|Any CPU
		{D5E6F7A8-B9C4-8D1E-2F3A-4B5C6D7E8F9A}.Release|Any CPU.Build.0 = Release|Any CPU
		{E6F7A8B9-C4D5-8D1E-2F3A-4B5C6D7E8F9A}.Debug|Any CPU.ActiveCfg = Debug|Any CPU
		{E6F7A8B9-C4D5-8D1E-2F3A-4B5C6D7E8F9A}.Debug|Any CPU.Build.0 = Debug|Any CPU
		{E6F7A8B9-C4D5-8D1E-2F3A-4B5C6D7E8F9A}.Release|Any CPU.ActiveCfg = Release|Any CPU
		{E6F7A8B9-C4D5-8D1E-2F3A-4B5C6D7E8F9A}.Release|Any CPU.Build.0 = Release|Any CPU
		{F7A8B9C4-D5E6-8D1E-2F3A-4B5C6D7E8F9A}.Debug|Any CPU.ActiveCfg = Debug|Any CPU
		{F7A8B9C4-D5E6-8D1E-2F3A-4B5C6D7E8F9A}.Debug|Any CPU.Build.0 = Debug|Any CPU
		{F7A8B9C4-D5E6-8D1E-2F3A-4B5C6D7E8F9A}.Release|Any CPU.ActiveCfg = Release|Any CPU
		{F7A8B9C4-D5E6-8D1E-2F3A-4B5C6D7E8F9A}.Release|Any CPU.Build.0 = Release|Any CPU
		{4CF23F01-7A22-2EFA-6EED-5985B089E69F}.Debug|Any CPU.ActiveCfg = Debug|Any CPU
		{4CF23F01-7A22-2EFA-6EED-5985B089E69F}.Debug|Any CPU.Build.0 = Debug|Any CPU
		{4CF23F01-7A22-2EFA-6EED-5985B089E69F}.Release|Any CPU.ActiveCfg = Release|Any CPU
		{4CF23F01-7A22-2EFA-6EED-5985B089E69F}.Release|Any CPU.Build.0 = Release|Any CPU
	EndGlobalSection
	GlobalSection(SolutionProperties) = preSolution
		HideSolutionNode = FALSE
	EndGlobalSection
	GlobalSection(NestedProjects) = preSolution
		{05C13E5B-D3E5-4C47-96A6-950B6C2E4B9A} = {D6E871C8-2E1A-4D89-B367-6675C3C7F2A1}
		{1C5C8F5E-1E94-4B78-9F53-2D6C3E3B3E3E} = {D6E871C8-2E1A-4D89-B367-6675C3C7F2A1}
		{2D6C3E3B-3E3E-4B78-9F53-1C5C8F5E1E94} = {D6E871C8-2E1A-4D89-B367-6675C3C7F2A1}
		{F5F8E8E8-F8F8-4E1B-8E1A-E17B7F8D9D1A} = {E17B7F8D-9D1A-4E1B-8E1A-F5F8E8E8F8F8}
		{8E1AE17B-7F8D-4E1B-8E1A-F5F8E8E8F8F8} = {E17B7F8D-9D1A-4E1B-8E1A-F5F8E8E8F8F8}
		{9D1AE17B-7F8D-4E1B-8E1A-F5F8E8E8F8F8} = {E17B7F8D-9D1A-4E1B-8E1A-F5F8E8E8F8F8}
		{B3C4D5E6-F7A8-4B9C-8D1E-A2B3C4D5E6F7} = {A1B2C3D4-E5F6-4A5B-8C7D-9E0F1A2B3C4D}
		{C4D5E6F7-A8B9-4C8D-1E2F-3A4B5C6D7E8F} = {A1B2C3D4-E5F6-4A5B-8C7D-9E0F1A2B3C4D}
		{D5E6F7A8-B9C4-8D1E-2F3A-4B5C6D7E8F9A} = {A1B2C3D4-E5F6-4A5B-8C7D-9E0F1A2B3C4D}
		{4CF23F01-7A22-2EFA-6EED-5985B089E69F} = {02EA681E-C7D8-13C7-8484-4AC65E1B71E8}
	EndGlobalSection
	GlobalSection(ExtensibilityGlobals) = postSolution
		SolutionGuid = {EF2C66F0-72E8-429A-BC70-B26C2556DFF0}
	EndGlobalSection
EndGlobal
